
Microsoft Visual Studio Solution File, Format Version 12.00
# Visual Studio Version 17
VisualStudioVersion = 17.0.31912.275
MinimumVisualStudioVersion = 10.0.40219.1
Project("{2150E333-8FDC-42A3-9474-1A3956D46DE8}") = "Services", "Services", "{5F8F3C6F-488A-4BC8-8FE4-07462AE0C3BA}"
EndProject
Project("{2150E333-8FDC-42A3-9474-1A3956D46DE8}") = "Interfaces - UI", "Interfaces - UI", "{D30D2864-76B3-4B38-B496-3A6172D79BDA}"
EndProject
Project("{2150E333-8FDC-42A3-9474-1A3956D46DE8}") = "Kernel", "Kernel", "{733CC860-9DA2-4C69-B838-F39A307B79C8}"
EndProject
Project("{9A19103F-16F7-4668-BE54-9A1E7A4F7556}") = "Stoqui.Kernel.Domain", "src\Stoqui.Kernel.Domain\Stoqui.Kernel.Domain.csproj", "{2D2A44B2-8919-49BE-AB65-BF2267D23E37}"
EndProject
Project("{2150E333-8FDC-42A3-9474-1A3956D46DE8}") = "Stock", "Stock", "{AAF49A8E-402C-45E4-A833-6731222D4F89}"
EndProject
Project("{9A19103F-16F7-4668-BE54-9A1E7A4F7556}") = "Stoqui.Stock.Domain", "src\Stoqui.Stock.Domain\Stoqui.Stock.Domain.csproj", "{E0BFB097-7C01-4E87-A1DD-7EDD4BFE7312}"
EndProject
Project("{2150E333-8FDC-42A3-9474-1A3956D46DE8}") = "Catalog", "Catalog", "{114532D3-5AFB-497D-90B4-46939BA02F11}"
EndProject
Project("{9A19103F-16F7-4668-BE54-9A1E7A4F7556}") = "Stoqui.Catalog.Domain", "src\Stoqui.Catalog.Domain\Stoqui.Catalog.Domain.csproj", "{0558FC58-E99B-4C78-9670-CC07B69A6D84}"
EndProject
Project("{2150E333-8FDC-42A3-9474-1A3956D46DE8}") = "Tests", "Tests", "{780CA21B-7893-451C-82D3-9C2DE0355D44}"
EndProject
Project("{9A19103F-16F7-4668-BE54-9A1E7A4F7556}") = "Stoqui.Catalog.Domain.Tests", "tests\Stoqui.Catalog.Domain.Tests\Stoqui.Catalog.Domain.Tests.csproj", "{C4BE990C-6494-4034-8C95-B428C0B5FF1C}"
EndProject
Project("{2150E333-8FDC-42A3-9474-1A3956D46DE8}") = "Tests", "Tests", "{4F1A9DC5-C3E0-470F-823E-531512F8C823}"
EndProject
Project("{FAE04EC0-301F-11D3-BF4B-00C04F79EFBC}") = "Stoqui.Kernel.Domain.Tests", "tests\Stoqui.Kernel.Domain.Tests\Stoqui.Kernel.Domain.Tests.csproj", "{F397C22F-5B11-4345-9000-F33E77C3F753}"
EndProject
Project("{2150E333-8FDC-42A3-9474-1A3956D46DE8}") = "Tests", "Tests", "{17C0FC03-EB21-492E-AB37-134CF973FAE7}"
EndProject
Project("{FAE04EC0-301F-11D3-BF4B-00C04F79EFBC}") = "Stoqui.Stock.Domain.Tests", "tests\Stoqui.Stock.Domain.Tests\Stoqui.Stock.Domain.Tests.csproj", "{AFB764F0-2CF8-409C-B719-7BF5A31E944F}"
EndProject
Global
	GlobalSection(SolutionConfigurationPlatforms) = preSolution
		Debug|Any CPU = Debug|Any CPU
		Release|Any CPU = Release|Any CPU
	EndGlobalSection
	GlobalSection(ProjectConfigurationPlatforms) = postSolution
		{2D2A44B2-8919-49BE-AB65-BF2267D23E37}.Debug|Any CPU.ActiveCfg = Debug|Any CPU
		{2D2A44B2-8919-49BE-AB65-BF2267D23E37}.Debug|Any CPU.Build.0 = Debug|Any CPU
		{2D2A44B2-8919-49BE-AB65-BF2267D23E37}.Release|Any CPU.ActiveCfg = Release|Any CPU
		{2D2A44B2-8919-49BE-AB65-BF2267D23E37}.Release|Any CPU.Build.0 = Release|Any CPU
		{E0BFB097-7C01-4E87-A1DD-7EDD4BFE7312}.Debug|Any CPU.ActiveCfg = Debug|Any CPU
		{E0BFB097-7C01-4E87-A1DD-7EDD4BFE7312}.Debug|Any CPU.Build.0 = Debug|Any CPU
		{E0BFB097-7C01-4E87-A1DD-7EDD4BFE7312}.Release|Any CPU.ActiveCfg = Release|Any CPU
		{E0BFB097-7C01-4E87-A1DD-7EDD4BFE7312}.Release|Any CPU.Build.0 = Release|Any CPU
		{0558FC58-E99B-4C78-9670-CC07B69A6D84}.Debug|Any CPU.ActiveCfg = Debug|Any CPU
		{0558FC58-E99B-4C78-9670-CC07B69A6D84}.Debug|Any CPU.Build.0 = Debug|Any CPU
		{0558FC58-E99B-4C78-9670-CC07B69A6D84}.Release|Any CPU.ActiveCfg = Release|Any CPU
		{0558FC58-E99B-4C78-9670-CC07B69A6D84}.Release|Any CPU.Build.0 = Release|Any CPU
		{C4BE990C-6494-4034-8C95-B428C0B5FF1C}.Debug|Any CPU.ActiveCfg = Debug|Any CPU
		{C4BE990C-6494-4034-8C95-B428C0B5FF1C}.Debug|Any CPU.Build.0 = Debug|Any CPU
		{C4BE990C-6494-4034-8C95-B428C0B5FF1C}.Release|Any CPU.ActiveCfg = Release|Any CPU
		{C4BE990C-6494-4034-8C95-B428C0B5FF1C}.Release|Any CPU.Build.0 = Release|Any CPU
		{F397C22F-5B11-4345-9000-F33E77C3F753}.Debug|Any CPU.ActiveCfg = Debug|Any CPU
		{F397C22F-5B11-4345-9000-F33E77C3F753}.Debug|Any CPU.Build.0 = Debug|Any CPU
		{F397C22F-5B11-4345-9000-F33E77C3F753}.Release|Any CPU.ActiveCfg = Release|Any CPU
		{F397C22F-5B11-4345-9000-F33E77C3F753}.Release|Any CPU.Build.0 = Release|Any CPU
		{AFB764F0-2CF8-409C-B719-7BF5A31E944F}.Debug|Any CPU.ActiveCfg = Debug|Any CPU
		{AFB764F0-2CF8-409C-B719-7BF5A31E944F}.Debug|Any CPU.Build.0 = Debug|Any CPU
		{AFB764F0-2CF8-409C-B719-7BF5A31E944F}.Release|Any CPU.ActiveCfg = Release|Any CPU
		{AFB764F0-2CF8-409C-B719-7BF5A31E944F}.Release|Any CPU.Build.0 = Release|Any CPU
	EndGlobalSection
	GlobalSection(SolutionProperties) = preSolution
		HideSolutionNode = FALSE
	EndGlobalSection
	GlobalSection(NestedProjects) = preSolution
		{733CC860-9DA2-4C69-B838-F39A307B79C8} = {5F8F3C6F-488A-4BC8-8FE4-07462AE0C3BA}
		{2D2A44B2-8919-49BE-AB65-BF2267D23E37} = {733CC860-9DA2-4C69-B838-F39A307B79C8}
		{AAF49A8E-402C-45E4-A833-6731222D4F89} = {5F8F3C6F-488A-4BC8-8FE4-07462AE0C3BA}
		{E0BFB097-7C01-4E87-A1DD-7EDD4BFE7312} = {AAF49A8E-402C-45E4-A833-6731222D4F89}
		{114532D3-5AFB-497D-90B4-46939BA02F11} = {5F8F3C6F-488A-4BC8-8FE4-07462AE0C3BA}
		{0558FC58-E99B-4C78-9670-CC07B69A6D84} = {114532D3-5AFB-497D-90B4-46939BA02F11}
		{780CA21B-7893-451C-82D3-9C2DE0355D44} = {114532D3-5AFB-497D-90B4-46939BA02F11}
		{C4BE990C-6494-4034-8C95-B428C0B5FF1C} = {780CA21B-7893-451C-82D3-9C2DE0355D44}
		{4F1A9DC5-C3E0-470F-823E-531512F8C823} = {733CC860-9DA2-4C69-B838-F39A307B79C8}
		{F397C22F-5B11-4345-9000-F33E77C3F753} = {4F1A9DC5-C3E0-470F-823E-531512F8C823}
		{17C0FC03-EB21-492E-AB37-134CF973FAE7} = {AAF49A8E-402C-45E4-A833-6731222D4F89}
		{AFB764F0-2CF8-409C-B719-7BF5A31E944F} = {17C0FC03-EB21-492E-AB37-134CF973FAE7}
	EndGlobalSection
	GlobalSection(ExtensibilityGlobals) = postSolution
		SolutionGuid = {52583338-D562-4DC4-8D6B-28A0F14BAF42}
	EndGlobalSection
EndGlobal
